// !$*UTF8*$!
{
	archiveVersion = 1;
	classes = {
	};
	objectVersion = 46;
	objects = {

/* Begin PBXBuildFile section */
		30C0A9E91CBE322A00AC79A6 /* AppDelegate.swift in Sources */ = {isa = PBXBuildFile; fileRef = 30C0A9E81CBE322A00AC79A6 /* AppDelegate.swift */; };
		30C0A9EB1CBE322A00AC79A6 /* ViewController.swift in Sources */ = {isa = PBXBuildFile; fileRef = 30C0A9EA1CBE322A00AC79A6 /* ViewController.swift */; };
		30C0A9EE1CBE322A00AC79A6 /* Main.storyboard in Resources */ = {isa = PBXBuildFile; fileRef = 30C0A9EC1CBE322A00AC79A6 /* Main.storyboard */; };
		30C0A9F01CBE322A00AC79A6 /* Assets.xcassets in Resources */ = {isa = PBXBuildFile; fileRef = 30C0A9EF1CBE322A00AC79A6 /* Assets.xcassets */; };
		30C0A9F31CBE322A00AC79A6 /* LaunchScreen.storyboard in Resources */ = {isa = PBXBuildFile; fileRef = 30C0A9F11CBE322A00AC79A6 /* LaunchScreen.storyboard */; };
		30C0A9FE1CBE322A00AC79A6 /* How_many_fingers_Tests.swift in Sources */ = {isa = PBXBuildFile; fileRef = 30C0A9FD1CBE322A00AC79A6 /* How_many_fingers_Tests.swift */; };
		30C0AA091CBE322A00AC79A6 /* How_many_fingers_UITests.swift in Sources */ = {isa = PBXBuildFile; fileRef = 30C0AA081CBE322A00AC79A6 /* How_many_fingers_UITests.swift */; };
/* End PBXBuildFile section */

/* Begin PBXContainerItemProxy section */
		30C0A9FA1CBE322A00AC79A6 /* PBXContainerItemProxy */ = {
			isa = PBXContainerItemProxy;
			containerPortal = 30C0A9DD1CBE322A00AC79A6 /* Project object */;
			proxyType = 1;
			remoteGlobalIDString = 30C0A9E41CBE322A00AC79A6;
			remoteInfo = "How many fingers?";
		};
		30C0AA051CBE322A00AC79A6 /* PBXContainerItemProxy */ = {
			isa = PBXContainerItemProxy;
			containerPortal = 30C0A9DD1CBE322A00AC79A6 /* Project object */;
			proxyType = 1;
			remoteGlobalIDString = 30C0A9E41CBE322A00AC79A6;
			remoteInfo = "How many fingers?";
		};
/* End PBXContainerItemProxy section */

/* Begin PBXFileReference section */
		30C0A9E51CBE322A00AC79A6 /* How many fingers?.app */ = {isa = PBXFileReference; explicitFileType = wrapper.application; includeInIndex = 0; path = "How many fingers?.app"; sourceTree = BUILT_PRODUCTS_DIR; };
		30C0A9E81CBE322A00AC79A6 /* AppDelegate.swift */ = {isa = PBXFileReference; lastKnownFileType = sourcecode.swift; path = AppDelegate.swift; sourceTree = "<group>"; };
		30C0A9EA1CBE322A00AC79A6 /* ViewController.swift */ = {isa = PBXFileReference; lastKnownFileType = sourcecode.swift; path = ViewController.swift; sourceTree = "<group>"; };
		30C0A9ED1CBE322A00AC79A6 /* Base */ = {isa = PBXFileReference; lastKnownFileType = file.storyboard; name = Base; path = Base.lproj/Main.storyboard; sourceTree = "<group>"; };
		30C0A9EF1CBE322A00AC79A6 /* Assets.xcassets */ = {isa = PBXFileReference; lastKnownFileType = folder.assetcatalog; path = Assets.xcassets; sourceTree = "<group>"; };
		30C0A9F21CBE322A00AC79A6 /* Base */ = {isa = PBXFileReference; lastKnownFileType = file.storyboard; name = Base; path = Base.lproj/LaunchScreen.storyboard; sourceTree = "<group>"; };
		30C0A9F41CBE322A00AC79A6 /* Info.plist */ = {isa = PBXFileReference; lastKnownFileType = text.plist.xml; path = Info.plist; sourceTree = "<group>"; };
		30C0A9F91CBE322A00AC79A6 /* How many fingers?Tests.xctest */ = {isa = PBXFileReference; explicitFileType = wrapper.cfbundle; includeInIndex = 0; path = "How many fingers?Tests.xctest"; sourceTree = BUILT_PRODUCTS_DIR; };
		30C0A9FD1CBE322A00AC79A6 /* How_many_fingers_Tests.swift */ = {isa = PBXFileReference; lastKnownFileType = sourcecode.swift; path = How_many_fingers_Tests.swift; sourceTree = "<group>"; };
		30C0A9FF1CBE322A00AC79A6 /* Info.plist */ = {isa = PBXFileReference; lastKnownFileType = text.plist.xml; path = Info.plist; sourceTree = "<group>"; };
		30C0AA041CBE322A00AC79A6 /* How many fingers?UITests.xctest */ = {isa = PBXFileReference; explicitFileType = wrapper.cfbundle; includeInIndex = 0; path = "How many fingers?UITests.xctest"; sourceTree = BUILT_PRODUCTS_DIR; };
		30C0AA081CBE322A00AC79A6 /* How_many_fingers_UITests.swift */ = {isa = PBXFileReference; lastKnownFileType = sourcecode.swift; path = How_many_fingers_UITests.swift; sourceTree = "<group>"; };
		30C0AA0A1CBE322A00AC79A6 /* Info.plist */ = {isa = PBXFileReference; lastKnownFileType = text.plist.xml; path = Info.plist; sourceTree = "<group>"; };
/* End PBXFileReference section */

/* Begin PBXFrameworksBuildPhase section */
		30C0A9E21CBE322A00AC79A6 /* Frameworks */ = {
			isa = PBXFrameworksBuildPhase;
			buildActionMask = 2147483647;
			files = (
			);
			runOnlyForDeploymentPostprocessing = 0;
		};
		30C0A9F61CBE322A00AC79A6 /* Frameworks */ = {
			isa = PBXFrameworksBuildPhase;
			buildActionMask = 2147483647;
			files = (
			);
			runOnlyForDeploymentPostprocessing = 0;
		};
		30C0AA011CBE322A00AC79A6 /* Frameworks */ = {
			isa = PBXFrameworksBuildPhase;
			buildActionMask = 2147483647;
			files = (
			);
			runOnlyForDeploymentPostprocessing = 0;
		};
/* End PBXFrameworksBuildPhase section */

/* Begin PBXGroup section */
		30C0A9DC1CBE322A00AC79A6 = {
			isa = PBXGroup;
			children = (
				30C0A9E71CBE322A00AC79A6 /* How many fingers? */,
				30C0A9FC1CBE322A00AC79A6 /* How many fingers?Tests */,
				30C0AA071CBE322A00AC79A6 /* How many fingers?UITests */,
				30C0A9E61CBE322A00AC79A6 /* Products */,
			);
			sourceTree = "<group>";
		};
		30C0A9E61CBE322A00AC79A6 /* Products */ = {
			isa = PBXGroup;
			children = (
				30C0A9E51CBE322A00AC79A6 /* How many fingers?.app */,
				30C0A9F91CBE322A00AC79A6 /* How many fingers?Tests.xctest */,
				30C0AA041CBE322A00AC79A6 /* How many fingers?UITests.xctest */,
			);
			name = Products;
			sourceTree = "<group>";
		};
		30C0A9E71CBE322A00AC79A6 /* How many fingers? */ = {
			isa = PBXGroup;
			children = (
				30C0A9E81CBE322A00AC79A6 /* AppDelegate.swift */,
				30C0A9EA1CBE322A00AC79A6 /* ViewController.swift */,
				30C0A9EC1CBE322A00AC79A6 /* Main.storyboard */,
				30C0A9EF1CBE322A00AC79A6 /* Assets.xcassets */,
				30C0A9F11CBE322A00AC79A6 /* LaunchScreen.storyboard */,
				30C0A9F41CBE322A00AC79A6 /* Info.plist */,
			);
			path = "How many fingers?";
			sourceTree = "<group>";
		};
		30C0A9FC1CBE322A00AC79A6 /* How many fingers?Tests */ = {
			isa = PBXGroup;
			children = (
				30C0A9FD1CBE322A00AC79A6 /* How_many_fingers_Tests.swift */,
				30C0A9FF1CBE322A00AC79A6 /* Info.plist */,
			);
			path = "How many fingers?Tests";
			sourceTree = "<group>";
		};
		30C0AA071CBE322A00AC79A6 /* How many fingers?UITests */ = {
			isa = PBXGroup;
			children = (
				30C0AA081CBE322A00AC79A6 /* How_many_fingers_UITests.swift */,
				30C0AA0A1CBE322A00AC79A6 /* Info.plist */,
			);
			path = "How many fingers?UITests";
			sourceTree = "<group>";
		};
/* End PBXGroup section */

/* Begin PBXNativeTarget section */
		30C0A9E41CBE322A00AC79A6 /* How many fingers? */ = {
			isa = PBXNativeTarget;
			buildConfigurationList = 30C0AA0D1CBE322A00AC79A6 /* Build configuration list for PBXNativeTarget "How many fingers?" */;
			buildPhases = (
				30C0A9E11CBE322A00AC79A6 /* Sources */,
				30C0A9E21CBE322A00AC79A6 /* Frameworks */,
				30C0A9E31CBE322A00AC79A6 /* Resources */,
			);
			buildRules = (
			);
			dependencies = (
			);
			name = "How many fingers?";
			productName = "How many fingers?";
			productReference = 30C0A9E51CBE322A00AC79A6 /* How many fingers?.app */;
			productType = "com.apple.product-type.application";
		};
		30C0A9F81CBE322A00AC79A6 /* How many fingers?Tests */ = {
			isa = PBXNativeTarget;
			buildConfigurationList = 30C0AA101CBE322A00AC79A6 /* Build configuration list for PBXNativeTarget "How many fingers?Tests" */;
			buildPhases = (
				30C0A9F51CBE322A00AC79A6 /* Sources */,
				30C0A9F61CBE322A00AC79A6 /* Frameworks */,
				30C0A9F71CBE322A00AC79A6 /* Resources */,
			);
			buildRules = (
			);
			dependencies = (
				30C0A9FB1CBE322A00AC79A6 /* PBXTargetDependency */,
			);
			name = "How many fingers?Tests";
			productName = "How many fingers?Tests";
			productReference = 30C0A9F91CBE322A00AC79A6 /* How many fingers?Tests.xctest */;
			productType = "com.apple.product-type.bundle.unit-test";
		};
		30C0AA031CBE322A00AC79A6 /* How many fingers?UITests */ = {
			isa = PBXNativeTarget;
			buildConfigurationList = 30C0AA131CBE322A00AC79A6 /* Build configuration list for PBXNativeTarget "How many fingers?UITests" */;
			buildPhases = (
				30C0AA001CBE322A00AC79A6 /* Sources */,
				30C0AA011CBE322A00AC79A6 /* Frameworks */,
				30C0AA021CBE322A00AC79A6 /* Resources */,
			);
			buildRules = (
			);
			dependencies = (
				30C0AA061CBE322A00AC79A6 /* PBXTargetDependency */,
			);
			name = "How many fingers?UITests";
			productName = "How many fingers?UITests";
			productReference = 30C0AA041CBE322A00AC79A6 /* How many fingers?UITests.xctest */;
			productType = "com.apple.product-type.bundle.ui-testing";
		};
/* End PBXNativeTarget section */

/* Begin PBXProject section */
		30C0A9DD1CBE322A00AC79A6 /* Project object */ = {
			isa = PBXProject;
			attributes = {
				LastSwiftUpdateCheck = 0730;
				LastUpgradeCheck = 0730;
				ORGANIZATIONNAME = "Daniel Colangelo";
				TargetAttributes = {
					30C0A9E41CBE322A00AC79A6 = {
						CreatedOnToolsVersion = 7.3;
					};
					30C0A9F81CBE322A00AC79A6 = {
						CreatedOnToolsVersion = 7.3;
						TestTargetID = 30C0A9E41CBE322A00AC79A6;
					};
					30C0AA031CBE322A00AC79A6 = {
						CreatedOnToolsVersion = 7.3;
						TestTargetID = 30C0A9E41CBE322A00AC79A6;
					};
				};
			};
			buildConfigurationList = 30C0A9E01CBE322A00AC79A6 /* Build configuration list for PBXProject "How many fingers?" */;
			compatibilityVersion = "Xcode 3.2";
			developmentRegion = English;
			hasScannedForEncodings = 0;
			knownRegions = (
				en,
				Base,
			);
			mainGroup = 30C0A9DC1CBE322A00AC79A6;
			productRefGroup = 30C0A9E61CBE322A00AC79A6 /* Products */;
			projectDirPath = "";
			projectRoot = "";
			targets = (
				30C0A9E41CBE322A00AC79A6 /* How many fingers? */,
				30C0A9F81CBE322A00AC79A6 /* How many fingers?Tests */,
				30C0AA031CBE322A00AC79A6 /* How many fingers?UITests */,
			);
		};
/* End PBXProject section */

/* Begin PBXResourcesBuildPhase section */
		30C0A9E31CBE322A00AC79A6 /* Resources */ = {
			isa = PBXResourcesBuildPhase;
			buildActionMask = 2147483647;
			files = (
				30C0A9F31CBE322A00AC79A6 /* LaunchScreen.storyboard in Resources */,
				30C0A9F01CBE322A00AC79A6 /* Assets.xcassets in Resources */,
				30C0A9EE1CBE322A00AC79A6 /* Main.storyboard in Resources */,
			);
			runOnlyForDeploymentPostprocessing = 0;
		};
		30C0A9F71CBE322A00AC79A6 /* Resources */ = {
			isa = PBXResourcesBuildPhase;
			buildActionMask = 2147483647;
			files = (
			);
			runOnlyForDeploymentPostprocessing = 0;
		};
		30C0AA021CBE322A00AC79A6 /* Resources */ = {
			isa = PBXResourcesBuildPhase;
			buildActionMask = 2147483647;
			files = (
			);
			runOnlyForDeploymentPostprocessing = 0;
		};
/* End PBXResourcesBuildPhase section */

/* Begin PBXSourcesBuildPhase section */
		30C0A9E11CBE322A00AC79A6 /* Sources */ = {
			isa = PBXSourcesBuildPhase;
			buildActionMask = 2147483647;
			files = (
				30C0A9EB1CBE322A00AC79A6 /* ViewController.swift in Sources */,
				30C0A9E91CBE322A00AC79A6 /* AppDelegate.swift in Sources */,
			);
			runOnlyForDeploymentPostprocessing = 0;
		};
		30C0A9F51CBE322A00AC79A6 /* Sources */ = {
			isa = PBXSourcesBuildPhase;
			buildActionMask = 2147483647;
			files = (
				30C0A9FE1CBE322A00AC79A6 /* How_many_fingers_Tests.swift in Sources */,
			);
			runOnlyForDeploymentPostprocessing = 0;
		};
		30C0AA001CBE322A00AC79A6 /* Sources */ = {
			isa = PBXSourcesBuildPhase;
			buildActionMask = 2147483647;
			files = (
				30C0AA091CBE322A00AC79A6 /* How_many_fingers_UITests.swift in Sources */,
			);
			runOnlyForDeploymentPostprocessing = 0;
		};
/* End PBXSourcesBuildPhase section */

/* Begin PBXTargetDependency section */
		30C0A9FB1CBE322A00AC79A6 /* PBXTargetDependency */ = {
			isa = PBXTargetDependency;
			target = 30C0A9E41CBE322A00AC79A6 /* How many fingers? */;
			targetProxy = 30C0A9FA1CBE322A00AC79A6 /* PBXContainerItemProxy */;
		};
		30C0AA061CBE322A00AC79A6 /* PBXTargetDependency */ = {
			isa = PBXTargetDependency;
			target = 30C0A9E41CBE322A00AC79A6 /* How many fingers? */;
			targetProxy = 30C0AA051CBE322A00AC79A6 /* PBXContainerItemProxy */;
		};
/* End PBXTargetDependency section */

/* Begin PBXVariantGroup section */
		30C0A9EC1CBE322A00AC79A6 /* Main.storyboard */ = {
			isa = PBXVariantGroup;
			children = (
				30C0A9ED1CBE322A00AC79A6 /* Base */,
			);
			name = Main.storyboard;
			sourceTree = "<group>";
		};
		30C0A9F11CBE322A00AC79A6 /* LaunchScreen.storyboard */ = {
			isa = PBXVariantGroup;
			children = (
				30C0A9F21CBE322A00AC79A6 /* Base */,
			);
			name = LaunchScreen.storyboard;
			sourceTree = "<group>";
		};
/* End PBXVariantGroup section */

/* Begin XCBuildConfiguration section */
		30C0AA0B1CBE322A00AC79A6 /* Debug */ = {
			isa = XCBuildConfiguration;
			buildSettings = {
				ALWAYS_SEARCH_USER_PATHS = NO;
				CLANG_ANALYZER_NONNULL = YES;
				CLANG_CXX_LANGUAGE_STANDARD = "gnu++0x";
				CLANG_CXX_LIBRARY = "libc++";
				CLANG_ENABLE_MODULES = YES;
				CLANG_ENABLE_OBJC_ARC = YES;
				CLANG_WARN_BOOL_CONVERSION = YES;
				CLANG_WARN_CONSTANT_CONVERSION = YES;
				CLANG_WARN_DIRECT_OBJC_ISA_USAGE = YES_ERROR;
				CLANG_WARN_EMPTY_BODY = YES;
				CLANG_WARN_ENUM_CONVERSION = YES;
				CLANG_WARN_INT_CONVERSION = YES;
				CLANG_WARN_OBJC_ROOT_CLASS = YES_ERROR;
				CLANG_WARN_UNREACHABLE_CODE = YES;
				CLANG_WARN__DUPLICATE_METHOD_MATCH = YES;
				"CODE_SIGN_IDENTITY[sdk=iphoneos*]" = "iPhone Developer";
				COPY_PHASE_STRIP = NO;
				DEBUG_INFORMATION_FORMAT = dwarf;
				ENABLE_STRICT_OBJC_MSGSEND = YES;
				ENABLE_TESTABILITY = YES;
				GCC_C_LANGUAGE_STANDARD = gnu99;
				GCC_DYNAMIC_NO_PIC = NO;
				GCC_NO_COMMON_BLOCKS = YES;
				GCC_OPTIMIZATION_LEVEL = 0;
				GCC_PREPROCESSOR_DEFINITIONS = (
					"DEBUG=1",
					"$(inherited)",
				);
				GCC_WARN_64_TO_32_BIT_CONVERSION = YES;
				GCC_WARN_ABOUT_RETURN_TYPE = YES_ERROR;
				GCC_WARN_UNDECLARED_SELECTOR = YES;
				GCC_WARN_UNINITIALIZED_AUTOS = YES_AGGRESSIVE;
				GCC_WARN_UNUSED_FUNCTION = YES;
				GCC_WARN_UNUSED_VARIABLE = YES;
				IPHONEOS_DEPLOYMENT_TARGET = 9.3;
				MTL_ENABLE_DEBUG_INFO = YES;
				ONLY_ACTIVE_ARCH = YES;
				SDKROOT = iphoneos;
				SWIFT_OPTIMIZATION_LEVEL = "-Onone";
			};
			name = Debug;
		};
		30C0AA0C1CBE322A00AC79A6 /* Release */ = {
			isa = XCBuildConfiguration;
			buildSettings = {
				ALWAYS_SEARCH_USER_PATHS = NO;
				CLANG_ANALYZER_NONNULL = YES;
				CLANG_CXX_LANGUAGE_STANDARD = "gnu++0x";
				CLANG_CXX_LIBRARY = "libc++";
				CLANG_ENABLE_MODULES = YES;
				CLANG_ENABLE_OBJC_ARC = YES;
				CLANG_WARN_BOOL_CONVERSION = YES;
				CLANG_WARN_CONSTANT_CONVERSION = YES;
				CLANG_WARN_DIRECT_OBJC_ISA_USAGE = YES_ERROR;
				CLANG_WARN_EMPTY_BODY = YES;
				CLANG_WARN_ENUM_CONVERSION = YES;
				CLANG_WARN_INT_CONVERSION = YES;
				CLANG_WARN_OBJC_ROOT_CLASS = YES_ERROR;
				CLANG_WARN_UNREACHABLE_CODE = YES;
				CLANG_WARN__DUPLICATE_METHOD_MATCH = YES;
				"CODE_SIGN_IDENTITY[sdk=iphoneos*]" = "iPhone Developer";
				COPY_PHASE_STRIP = NO;
				DEBUG_INFORMATION_FORMAT = "dwarf-with-dsym";
				ENABLE_NS_ASSERTIONS = NO;
				ENABLE_STRICT_OBJC_MSGSEND = YES;
				GCC_C_LANGUAGE_STANDARD = gnu99;
				GCC_NO_COMMON_BLOCKS = YES;
				GCC_WARN_64_TO_32_BIT_CONVERSION = YES;
				GCC_WARN_ABOUT_RETURN_TYPE = YES_ERROR;
				GCC_WARN_UNDECLARED_SELECTOR = YES;
				GCC_WARN_UNINITIALIZED_AUTOS = YES_AGGRESSIVE;
				GCC_WARN_UNUSED_FUNCTION = YES;
				GCC_WARN_UNUSED_VARIABLE = YES;
				IPHONEOS_DEPLOYMENT_TARGET = 9.3;
				MTL_ENABLE_DEBUG_INFO = NO;
				SDKROOT = iphoneos;
				VALIDATE_PRODUCT = YES;
			};
			name = Release;
		};
		30C0AA0E1CBE322A00AC79A6 /* Debug */ = {
			isa = XCBuildConfiguration;
			buildSettings = {
				ASSETCATALOG_COMPILER_APPICON_NAME = AppIcon;
				INFOPLIST_FILE = "How many fingers?/Info.plist";
				LD_RUNPATH_SEARCH_PATHS = "$(inherited) @executable_path/Frameworks";
				PRODUCT_BUNDLE_IDENTIFIER = "com.daniel.test.How-many-fingers-";
				PRODUCT_NAME = "$(TARGET_NAME)";
			};
			name = Debug;
		};
		30C0AA0F1CBE322A00AC79A6 /* Release */ = {
			isa = XCBuildConfiguration;
			buildSettings = {
				ASSETCATALOG_COMPILER_APPICON_NAME = AppIcon;
				INFOPLIST_FILE = "How many fingers?/Info.plist";
				LD_RUNPATH_SEARCH_PATHS = "$(inherited) @executable_path/Frameworks";
				PRODUCT_BUNDLE_IDENTIFIER = "com.daniel.test.How-many-fingers-";
				PRODUCT_NAME = "$(TARGET_NAME)";
			};
			name = Release;
		};
		30C0AA111CBE322A00AC79A6 /* Debug */ = {
			isa = XCBuildConfiguration;
			buildSettings = {
				BUNDLE_LOADER = "$(TEST_HOST)";
				INFOPLIST_FILE = "How many fingers?Tests/Info.plist";
				LD_RUNPATH_SEARCH_PATHS = "$(inherited) @executable_path/Frameworks @loader_path/Frameworks";
				PRODUCT_BUNDLE_IDENTIFIER = "com.daniel.test.How-many-fingers-Tests";
				PRODUCT_NAME = "$(TARGET_NAME)";
				TEST_HOST = "$(BUILT_PRODUCTS_DIR)/How many fingers?.app/How many fingers?";
			};
			name = Debug;
		};
		30C0AA121CBE322A00AC79A6 /* Release */ = {
			isa = XCBuildConfiguration;
			buildSettings = {
				BUNDLE_LOADER = "$(TEST_HOST)";
				INFOPLIST_FILE = "How many fingers?Tests/Info.plist";
				LD_RUNPATH_SEARCH_PATHS = "$(inherited) @executable_path/Frameworks @loader_path/Frameworks";
				PRODUCT_BUNDLE_IDENTIFIER = "com.daniel.test.How-many-fingers-Tests";
				PRODUCT_NAME = "$(TARGET_NAME)";
				TEST_HOST = "$(BUILT_PRODUCTS_DIR)/How many fingers?.app/How many fingers?";
			};
			name = Release;
		};
		30C0AA141CBE322A00AC79A6 /* Debug */ = {
			isa = XCBuildConfiguration;
			buildSettings = {
				INFOPLIST_FILE = "How many fingers?UITests/Info.plist";
				LD_RUNPATH_SEARCH_PATHS = "$(inherited) @executable_path/Frameworks @loader_path/Frameworks";
				PRODUCT_BUNDLE_IDENTIFIER = "com.daniel.test.How-many-fingers-UITests";
				PRODUCT_NAME = "$(TARGET_NAME)";
				TEST_TARGET_NAME = "How many fingers?";
			};
			name = Debug;
		};
		30C0AA151CBE322A00AC79A6 /* Release */ = {
			isa = XCBuildConfiguration;
			buildSettings = {
				INFOPLIST_FILE = "How many fingers?UITests/Info.plist";
				LD_RUNPATH_SEARCH_PATHS = "$(inherited) @executable_path/Frameworks @loader_path/Frameworks";
				PRODUCT_BUNDLE_IDENTIFIER = "com.daniel.test.How-many-fingers-UITests";
				PRODUCT_NAME = "$(TARGET_NAME)";
				TEST_TARGET_NAME = "How many fingers?";
			};
			name = Release;
		};
/* End XCBuildConfiguration section */

/* Begin XCConfigurationList section */
		30C0A9E01CBE322A00AC79A6 /* Build configuration list for PBXProject "How many fingers?" */ = {
			isa = XCConfigurationList;
			buildConfigurations = (
				30C0AA0B1CBE322A00AC79A6 /* Debug */,
				30C0AA0C1CBE322A00AC79A6 /* Release */,
			);
			defaultConfigurationIsVisible = 0;
			defaultConfigurationName = Release;
		};
		30C0AA0D1CBE322A00AC79A6 /* Build configuration list for PBXNativeTarget "How many fingers?" */ = {
			isa = XCConfigurationList;
			buildConfigurations = (
				30C0AA0E1CBE322A00AC79A6 /* Debug */,
				30C0AA0F1CBE322A00AC79A6 /* Release */,
			);
			defaultConfigurationIsVisible = 0;
		};
		30C0AA101CBE322A00AC79A6 /* Build configuration list for PBXNativeTarget "How many fingers?Tests" */ = {
			isa = XCConfigurationList;
			buildConfigurations = (
				30C0AA111CBE322A00AC79A6 /* Debug */,
				30C0AA121CBE322A00AC79A6 /* Release */,
			);
			defaultConfigurationIsVisible = 0;
		};
		30C0AA131CBE322A00AC79A6 /* Build configuration list for PBXNativeTarget "How many fingers?UITests" */ = {
			isa = XCConfigurationList;
			buildConfigurations = (
				30C0AA141CBE322A00AC79A6 /* Debug */,
				30C0AA151CBE322A00AC79A6 /* Release */,
			);
			defaultConfigurationIsVisible = 0;
		};
/* End XCConfigurationList section */
	};
	rootObject = 30C0A9DD1CBE322A00AC79A6 /* Project object */;
}
